// !$*UTF8*$!
{
	archiveVersion = 1;
	classes = {
	};
	objectVersion = 56;
	objects = {

/* Begin PBXBuildFile section */
		034525C829CFB42100C57E19 /* SettingsView.swift in Sources */ = {isa = PBXBuildFile; fileRef = 034525C729CFB42100C57E19 /* SettingsView.swift */; };
		036CA94929C93AB000F76CCA /* ChatGPTToolbarApp.swift in Sources */ = {isa = PBXBuildFile; fileRef = 036CA94829C93AB000F76CCA /* ChatGPTToolbarApp.swift */; };
		036CA94B29C93AB000F76CCA /* ContentView.swift in Sources */ = {isa = PBXBuildFile; fileRef = 036CA94A29C93AB000F76CCA /* ContentView.swift */; };
		036CA95029C93AB200F76CCA /* Preview Assets.xcassets in Resources */ = {isa = PBXBuildFile; fileRef = 036CA94F29C93AB200F76CCA /* Preview Assets.xcassets */; };
		036CA95929C93DD800F76CCA /* OpenAISwift in Frameworks */ = {isa = PBXBuildFile; productRef = 036CA95829C93DD800F76CCA /* OpenAISwift */; };
		03CD0DAA29D8F0BC0012E27B /* HotKey in Frameworks */ = {isa = PBXBuildFile; productRef = 03CD0DA929D8F0BC0012E27B /* HotKey */; };
/* End PBXBuildFile section */

/* Begin PBXFileReference section */
		034525C729CFB42100C57E19 /* SettingsView.swift */ = {isa = PBXFileReference; lastKnownFileType = sourcecode.swift; path = SettingsView.swift; sourceTree = "<group>"; };
		035859D529DB8DE600B579B2 /* README.md */ = {isa = PBXFileReference; lastKnownFileType = net.daringfireball.markdown; path = README.md; sourceTree = "<group>"; };
		036CA94529C93AB000F76CCA /* ChatGPTToolbar.app */ = {isa = PBXFileReference; explicitFileType = wrapper.application; includeInIndex = 0; path = ChatGPTToolbar.app; sourceTree = BUILT_PRODUCTS_DIR; };
		036CA94829C93AB000F76CCA /* ChatGPTToolbarApp.swift */ = {isa = PBXFileReference; lastKnownFileType = sourcecode.swift; path = ChatGPTToolbarApp.swift; sourceTree = "<group>"; };
		036CA94A29C93AB000F76CCA /* ContentView.swift */ = {isa = PBXFileReference; lastKnownFileType = sourcecode.swift; path = ContentView.swift; sourceTree = "<group>"; };
		036CA94F29C93AB200F76CCA /* Preview Assets.xcassets */ = {isa = PBXFileReference; lastKnownFileType = folder.assetcatalog; path = "Preview Assets.xcassets"; sourceTree = "<group>"; };
		036CA95129C93AB200F76CCA /* ChatGPTToolbar.entitlements */ = {isa = PBXFileReference; lastKnownFileType = text.plist.entitlements; path = ChatGPTToolbar.entitlements; sourceTree = "<group>"; };
/* End PBXFileReference section */

/* Begin PBXFrameworksBuildPhase section */
		036CA94229C93AB000F76CCA /* Frameworks */ = {
			isa = PBXFrameworksBuildPhase;
			buildActionMask = 2147483647;
			files = (
				03CD0DAA29D8F0BC0012E27B /* HotKey in Frameworks */,
				036CA95929C93DD800F76CCA /* OpenAISwift in Frameworks */,
			);
			runOnlyForDeploymentPostprocessing = 0;
		};
/* End PBXFrameworksBuildPhase section */

/* Begin PBXGroup section */
		036CA93C29C93AB000F76CCA = {
			isa = PBXGroup;
			children = (
				035859D529DB8DE600B579B2 /* README.md */,
				036CA94729C93AB000F76CCA /* ChatGPTToolbar */,
				036CA94629C93AB000F76CCA /* Products */,
			);
			sourceTree = "<group>";
		};
		036CA94629C93AB000F76CCA /* Products */ = {
			isa = PBXGroup;
			children = (
				036CA94529C93AB000F76CCA /* ChatGPTToolbar.app */,
			);
			name = Products;
			sourceTree = "<group>";
		};
		036CA94729C93AB000F76CCA /* ChatGPTToolbar */ = {
			isa = PBXGroup;
			children = (
				036CA94829C93AB000F76CCA /* ChatGPTToolbarApp.swift */,
				036CA94A29C93AB000F76CCA /* ContentView.swift */,
				034525C729CFB42100C57E19 /* SettingsView.swift */,
				036CA95129C93AB200F76CCA /* ChatGPTToolbar.entitlements */,
				036CA94E29C93AB200F76CCA /* Preview Content */,
			);
			path = ChatGPTToolbar;
			sourceTree = "<group>";
		};
		036CA94E29C93AB200F76CCA /* Preview Content */ = {
			isa = PBXGroup;
			children = (
				036CA94F29C93AB200F76CCA /* Preview Assets.xcassets */,
			);
			path = "Preview Content";
			sourceTree = "<group>";
		};
/* End PBXGroup section */

/* Begin PBXNativeTarget section */
		036CA94429C93AB000F76CCA /* ChatGPTToolbar */ = {
			isa = PBXNativeTarget;
			buildConfigurationList = 036CA95429C93AB200F76CCA /* Build configuration list for PBXNativeTarget "ChatGPTToolbar" */;
			buildPhases = (
				036CA94129C93AB000F76CCA /* Sources */,
				036CA94229C93AB000F76CCA /* Frameworks */,
				036CA94329C93AB000F76CCA /* Resources */,
			);
			buildRules = (
			);
			dependencies = (
			);
			name = ChatGPTToolbar;
			packageProductDependencies = (
				036CA95829C93DD800F76CCA /* OpenAISwift */,
				03CD0DA929D8F0BC0012E27B /* HotKey */,
			);
			productName = ChatGPTToolbar;
			productReference = 036CA94529C93AB000F76CCA /* ChatGPTToolbar.app */;
			productType = "com.apple.product-type.application";
		};
/* End PBXNativeTarget section */

/* Begin PBXProject section */
		036CA93D29C93AB000F76CCA /* Project object */ = {
			isa = PBXProject;
			attributes = {
				BuildIndependentTargetsInParallel = 1;
				LastSwiftUpdateCheck = 1420;
				LastUpgradeCheck = 1420;
				TargetAttributes = {
					036CA94429C93AB000F76CCA = {
						CreatedOnToolsVersion = 14.2;
					};
				};
			};
			buildConfigurationList = 036CA94029C93AB000F76CCA /* Build configuration list for PBXProject "ChatGPTToolbar" */;
			compatibilityVersion = "Xcode 14.0";
			developmentRegion = en;
			hasScannedForEncodings = 0;
			knownRegions = (
				en,
				Base,
			);
			mainGroup = 036CA93C29C93AB000F76CCA;
			packageReferences = (
				036CA95729C93DD800F76CCA /* XCRemoteSwiftPackageReference "OpenAISwift" */,
				03CD0DA829D8F0BC0012E27B /* XCRemoteSwiftPackageReference "HotKey" */,
			);
			productRefGroup = 036CA94629C93AB000F76CCA /* Products */;
			projectDirPath = "";
			projectRoot = "";
			targets = (
				036CA94429C93AB000F76CCA /* ChatGPTToolbar */,
			);
		};
/* End PBXProject section */

/* Begin PBXResourcesBuildPhase section */
		036CA94329C93AB000F76CCA /* Resources */ = {
			isa = PBXResourcesBuildPhase;
			buildActionMask = 2147483647;
			files = (
				036CA95029C93AB200F76CCA /* Preview Assets.xcassets in Resources */,
			);
			runOnlyForDeploymentPostprocessing = 0;
		};
/* End PBXResourcesBuildPhase section */

/* Begin PBXSourcesBuildPhase section */
		036CA94129C93AB000F76CCA /* Sources */ = {
			isa = PBXSourcesBuildPhase;
			buildActionMask = 2147483647;
			files = (
				034525C829CFB42100C57E19 /* SettingsView.swift in Sources */,
				036CA94B29C93AB000F76CCA /* ContentView.swift in Sources */,
				036CA94929C93AB000F76CCA /* ChatGPTToolbarApp.swift in Sources */,
			);
			runOnlyForDeploymentPostprocessing = 0;
		};
/* End PBXSourcesBuildPhase section */

/* Begin XCBuildConfiguration section */
		036CA95229C93AB200F76CCA /* Debug */ = {
			isa = XCBuildConfiguration;
			buildSettings = {
				ALWAYS_SEARCH_USER_PATHS = NO;
				CLANG_ANALYZER_NONNULL = YES;
				CLANG_ANALYZER_NUMBER_OBJECT_CONVERSION = YES_AGGRESSIVE;
				CLANG_CXX_LANGUAGE_STANDARD = "gnu++20";
				CLANG_ENABLE_MODULES = YES;
				CLANG_ENABLE_OBJC_ARC = YES;
				CLANG_ENABLE_OBJC_WEAK = YES;
				CLANG_WARN_BLOCK_CAPTURE_AUTORELEASING = YES;
				CLANG_WARN_BOOL_CONVERSION = YES;
				CLANG_WARN_COMMA = YES;
				CLANG_WARN_CONSTANT_CONVERSION = YES;
				CLANG_WARN_DEPRECATED_OBJC_IMPLEMENTATIONS = YES;
				CLANG_WARN_DIRECT_OBJC_ISA_USAGE = YES_ERROR;
				CLANG_WARN_DOCUMENTATION_COMMENTS = YES;
				CLANG_WARN_EMPTY_BODY = YES;
				CLANG_WARN_ENUM_CONVERSION = YES;
				CLANG_WARN_INFINITE_RECURSION = YES;
				CLANG_WARN_INT_CONVERSION = YES;
				CLANG_WARN_NON_LITERAL_NULL_CONVERSION = YES;
				CLANG_WARN_OBJC_IMPLICIT_RETAIN_SELF = YES;
				CLANG_WARN_OBJC_LITERAL_CONVERSION = YES;
				CLANG_WARN_OBJC_ROOT_CLASS = YES_ERROR;
				CLANG_WARN_QUOTED_INCLUDE_IN_FRAMEWORK_HEADER = YES;
				CLANG_WARN_RANGE_LOOP_ANALYSIS = YES;
				CLANG_WARN_STRICT_PROTOTYPES = YES;
				CLANG_WARN_SUSPICIOUS_MOVE = YES;
				CLANG_WARN_UNGUARDED_AVAILABILITY = YES_AGGRESSIVE;
				CLANG_WARN_UNREACHABLE_CODE = YES;
				CLANG_WARN__DUPLICATE_METHOD_MATCH = YES;
				COPY_PHASE_STRIP = NO;
				DEBUG_INFORMATION_FORMAT = dwarf;
				ENABLE_STRICT_OBJC_MSGSEND = YES;
				ENABLE_TESTABILITY = YES;
				GCC_C_LANGUAGE_STANDARD = gnu11;
				GCC_DYNAMIC_NO_PIC = NO;
				GCC_NO_COMMON_BLOCKS = YES;
				GCC_OPTIMIZATION_LEVEL = 0;
				GCC_PREPROCESSOR_DEFINITIONS = (
					"DEBUG=1",
					"$(inherited)",
				);
				GCC_WARN_64_TO_32_BIT_CONVERSION = YES;
				GCC_WARN_ABOUT_RETURN_TYPE = YES_ERROR;
				GCC_WARN_UNDECLARED_SELECTOR = YES;
				GCC_WARN_UNINITIALIZED_AUTOS = YES_AGGRESSIVE;
				GCC_WARN_UNUSED_FUNCTION = YES;
				GCC_WARN_UNUSED_VARIABLE = YES;
				MACOSX_DEPLOYMENT_TARGET = 13.1;
				MTL_ENABLE_DEBUG_INFO = INCLUDE_SOURCE;
				MTL_FAST_MATH = YES;
				ONLY_ACTIVE_ARCH = YES;
				SDKROOT = macosx;
				SWIFT_ACTIVE_COMPILATION_CONDITIONS = DEBUG;
				SWIFT_OPTIMIZATION_LEVEL = "-Onone";
			};
			name = Debug;
		};
		036CA95329C93AB200F76CCA /* Release */ = {
			isa = XCBuildConfiguration;
			buildSettings = {
				ALWAYS_SEARCH_USER_PATHS = NO;
				CLANG_ANALYZER_NONNULL = YES;
				CLANG_ANALYZER_NUMBER_OBJECT_CONVERSION = YES_AGGRESSIVE;
				CLANG_CXX_LANGUAGE_STANDARD = "gnu++20";
				CLANG_ENABLE_MODULES = YES;
				CLANG_ENABLE_OBJC_ARC = YES;
				CLANG_ENABLE_OBJC_WEAK = YES;
				CLANG_WARN_BLOCK_CAPTURE_AUTORELEASING = YES;
				CLANG_WARN_BOOL_CONVERSION = YES;
				CLANG_WARN_COMMA = YES;
				CLANG_WARN_CONSTANT_CONVERSION = YES;
				CLANG_WARN_DEPRECATED_OBJC_IMPLEMENTATIONS = YES;
				CLANG_WARN_DIRECT_OBJC_ISA_USAGE = YES_ERROR;
				CLANG_WARN_DOCUMENTATION_COMMENTS = YES;
				CLANG_WARN_EMPTY_BODY = YES;
				CLANG_WARN_ENUM_CONVERSION = YES;
				CLANG_WARN_INFINITE_RECURSION = YES;
				CLANG_WARN_INT_CONVERSION = YES;
				CLANG_WARN_NON_LITERAL_NULL_CONVERSION = YES;
				CLANG_WARN_OBJC_IMPLICIT_RETAIN_SELF = YES;
				CLANG_WARN_OBJC_LITERAL_CONVERSION = YES;
				CLANG_WARN_OBJC_ROOT_CLASS = YES_ERROR;
				CLANG_WARN_QUOTED_INCLUDE_IN_FRAMEWORK_HEADER = YES;
				CLANG_WARN_RANGE_LOOP_ANALYSIS = YES;
				CLANG_WARN_STRICT_PROTOTYPES = YES;
				CLANG_WARN_SUSPICIOUS_MOVE = YES;
				CLANG_WARN_UNGUARDED_AVAILABILITY = YES_AGGRESSIVE;
				CLANG_WARN_UNREACHABLE_CODE = YES;
				CLANG_WARN__DUPLICATE_METHOD_MATCH = YES;
				COPY_PHASE_STRIP = NO;
				DEBUG_INFORMATION_FORMAT = "dwarf-with-dsym";
				ENABLE_NS_ASSERTIONS = NO;
				ENABLE_STRICT_OBJC_MSGSEND = YES;
				GCC_C_LANGUAGE_STANDARD = gnu11;
				GCC_NO_COMMON_BLOCKS = YES;
				GCC_WARN_64_TO_32_BIT_CONVERSION = YES;
				GCC_WARN_ABOUT_RETURN_TYPE = YES_ERROR;
				GCC_WARN_UNDECLARED_SELECTOR = YES;
				GCC_WARN_UNINITIALIZED_AUTOS = YES_AGGRESSIVE;
				GCC_WARN_UNUSED_FUNCTION = YES;
				GCC_WARN_UNUSED_VARIABLE = YES;
				MACOSX_DEPLOYMENT_TARGET = 13.1;
				MTL_ENABLE_DEBUG_INFO = NO;
				MTL_FAST_MATH = YES;
				SDKROOT = macosx;
				SWIFT_COMPILATION_MODE = wholemodule;
				SWIFT_OPTIMIZATION_LEVEL = "-O";
			};
			name = Release;
		};
		036CA95529C93AB200F76CCA /* Debug */ = {
			isa = XCBuildConfiguration;
			buildSettings = {
				ASSETCATALOG_COMPILER_APPICON_NAME = AppIcon;
				ASSETCATALOG_COMPILER_GLOBAL_ACCENT_COLOR_NAME = AccentColor;
				CODE_SIGN_ENTITLEMENTS = ChatGPTToolbar/ChatGPTToolbar.entitlements;
				CODE_SIGN_STYLE = Automatic;
				COMBINE_HIDPI_IMAGES = YES;
				CURRENT_PROJECT_VERSION = 1;
				DEVELOPMENT_ASSET_PATHS = "\"ChatGPTToolbar/Preview Content\"";
				DEVELOPMENT_TEAM = 82CYP6YDK3;
				ENABLE_HARDENED_RUNTIME = YES;
				ENABLE_PREVIEWS = YES;
				GENERATE_INFOPLIST_FILE = YES;
				INFOPLIST_KEY_LSUIElement = YES;
				INFOPLIST_KEY_NSHumanReadableCopyright = "";
				LD_RUNPATH_SEARCH_PATHS = (
					"$(inherited)",
					"@executable_path/../Frameworks",
				);
				MARKETING_VERSION = 1.0;
				PRODUCT_BUNDLE_IDENTIFIER = pires.rogerio.ChatGPTToolbar;
				PRODUCT_NAME = "$(TARGET_NAME)";
				SWIFT_EMIT_LOC_STRINGS = YES;
				SWIFT_VERSION = 5.0;
			};
			name = Debug;
		};
		036CA95629C93AB200F76CCA /* Release */ = {
			isa = XCBuildConfiguration;
			buildSettings = {
				ASSETCATALOG_COMPILER_APPICON_NAME = AppIcon;
				ASSETCATALOG_COMPILER_GLOBAL_ACCENT_COLOR_NAME = AccentColor;
				CODE_SIGN_ENTITLEMENTS = ChatGPTToolbar/ChatGPTToolbar.entitlements;
				CODE_SIGN_STYLE = Automatic;
				COMBINE_HIDPI_IMAGES = YES;
				CURRENT_PROJECT_VERSION = 1;
				DEVELOPMENT_ASSET_PATHS = "\"ChatGPTToolbar/Preview Content\"";
				DEVELOPMENT_TEAM = 82CYP6YDK3;
				ENABLE_HARDENED_RUNTIME = YES;
				ENABLE_PREVIEWS = YES;
				GENERATE_INFOPLIST_FILE = YES;
				INFOPLIST_KEY_LSUIElement = YES;
				INFOPLIST_KEY_NSHumanReadableCopyright = "";
				LD_RUNPATH_SEARCH_PATHS = (
					"$(inherited)",
					"@executable_path/../Frameworks",
				);
				MARKETING_VERSION = 1.0;
				PRODUCT_BUNDLE_IDENTIFIER = pires.rogerio.ChatGPTToolbar;
				PRODUCT_NAME = "$(TARGET_NAME)";
				SWIFT_EMIT_LOC_STRINGS = YES;
				SWIFT_VERSION = 5.0;
			};
			name = Release;
		};
/* End XCBuildConfiguration section */

/* Begin XCConfigurationList section */
		036CA94029C93AB000F76CCA /* Build configuration list for PBXProject "ChatGPTToolbar" */ = {
			isa = XCConfigurationList;
			buildConfigurations = (
				036CA95229C93AB200F76CCA /* Debug */,
				036CA95329C93AB200F76CCA /* Release */,
			);
			defaultConfigurationIsVisible = 0;
			defaultConfigurationName = Release;
		};
		036CA95429C93AB200F76CCA /* Build configuration list for PBXNativeTarget "ChatGPTToolbar" */ = {
			isa = XCConfigurationList;
			buildConfigurations = (
				036CA95529C93AB200F76CCA /* Debug */,
				036CA95629C93AB200F76CCA /* Release */,
			);
			defaultConfigurationIsVisible = 0;
			defaultConfigurationName = Release;
		};
/* End XCConfigurationList section */

/* Begin XCRemoteSwiftPackageReference section */
		036CA95729C93DD800F76CCA /* XCRemoteSwiftPackageReference "OpenAISwift" */ = {
			isa = XCRemoteSwiftPackageReference;
			repositoryURL = "https://github.com/adamrushy/OpenAISwift.git";
			requirement = {
				kind = upToNextMajorVersion;
				minimumVersion = 1.0.0;
			};
		};
		03CD0DA829D8F0BC0012E27B /* XCRemoteSwiftPackageReference "HotKey" */ = {
			isa = XCRemoteSwiftPackageReference;
			repositoryURL = "https://github.com/soffes/HotKey";
			requirement = {
				branch = master;
				kind = branch;
			};
		};
/* End XCRemoteSwiftPackageReference section */

/* Begin XCSwiftPackageProductDependency section */
		036CA95829C93DD800F76CCA /* OpenAISwift */ = {
			isa = XCSwiftPackageProductDependency;
			package = 036CA95729C93DD800F76CCA /* XCRemoteSwiftPackageReference "OpenAISwift" */;
			productName = OpenAISwift;
		};
		03CD0DA929D8F0BC0012E27B /* HotKey */ = {
			isa = XCSwiftPackageProductDependency;
			package = 03CD0DA829D8F0BC0012E27B /* XCRemoteSwiftPackageReference "HotKey" */;
			productName = HotKey;
		};
/* End XCSwiftPackageProductDependency section */
	};
	rootObject = 036CA93D29C93AB000F76CCA /* Project object */;
}
